
Microsoft Visual Studio Solution File, Format Version 12.00
Project("{2150E333-8FDC-42A3-9474-1A3956D46DE8}") = "BuildingBlocks", "BuildingBlocks", "{085DDF34-9AC1-4D0C-9577-EF9737B57308}"
EndProject
Project("{FAE04EC0-301F-11D3-BF4B-00C04F79EFBC}") = "Gate", "app\Gate\Gate.csproj", "{FAD8C248-F839-4CE6-8CF7-7AE79C2B10D3}"
EndProject
Project("{FAE04EC0-301F-11D3-BF4B-00C04F79EFBC}") = "Client", "app\Client\Client.csproj", "{B69AB24D-781A-4546-B788-FD1176B793B4}"
EndProject
Project("{FAE04EC0-301F-11D3-BF4B-00C04F79EFBC}") = "Bus", "app\BuildingBlocks\Bus\Bus.csproj", "{6DAA7D95-5E2D-43C6-8B9B-3B516CE0117E}"
EndProject
Project("{FAE04EC0-301F-11D3-BF4B-00C04F79EFBC}") = "Models", "app\BuildingBlocks\Models\Models.csproj", "{D14FD8D1-43A7-4EC9-BBC3-76F0B1861C7A}"
EndProject
Project("{2150E333-8FDC-42A3-9474-1A3956D46DE8}") = "Client", "Client", "{E14C6101-03C5-46E6-AD66-13F0B4430210}"
EndProject
Project("{FAE04EC0-301F-11D3-BF4B-00C04F79EFBC}") = "ClientSeeder", "app\ClientSeeder\ClientSeeder.csproj", "{32B1EF5E-5CA1-472A-AC26-CC30350C5987}"
EndProject
Project("{FAE04EC0-301F-11D3-BF4B-00C04F79EFBC}") = "ClientDAL", "app\ClientDAL\ClientDAL.csproj", "{BCB665E7-3120-461F-A466-FF19D63038D7}"
EndProject
Project("{2150E333-8FDC-42A3-9474-1A3956D46DE8}") = "Reader", "Reader", "{ADC0C2D8-1025-4E55-9D9C-33A1ED76A8D4}"
EndProject
Project("{FAE04EC0-301F-11D3-BF4B-00C04F79EFBC}") = "Reader", "app\Reader\Reader.csproj", "{F78D06C1-B317-4203-8780-2FF70384D1AB}"
EndProject
Project("{FAE04EC0-301F-11D3-BF4B-00C04F79EFBC}") = "ReaderDAL", "app\ReaderDAL\ReaderDAL.csproj", "{B3212FD8-238A-49DC-AAE2-17A62FD76BB2}"
EndProject
Project("{2150E333-8FDC-42A3-9474-1A3956D46DE8}") = "Assistance", "Assistance", "{AB9A6A41-AFDA-4372-AC9F-66DD79BB94D7}"
EndProject
Project("{FAE04EC0-301F-11D3-BF4B-00C04F79EFBC}") = "Assistance", "app\Assistance\Assistance.csproj", "{9B255040-2DD6-4FF7-AA7A-675D107F9334}"
EndProject
Project("{FAE04EC0-301F-11D3-BF4B-00C04F79EFBC}") = "AssistanceDAL", "app\AssistanceDAL\AssistanceDAL.csproj", "{797C8F89-77E3-45D7-9197-E441D7834971}"
EndProject
Project("{FAE04EC0-301F-11D3-BF4B-00C04F79EFBC}") = "AssistanceSF", "app\AssistanceSF\AssistanceSF.csproj", "{78538628-1BD0-4B86-9971-36220B42E2C7}"
EndProject
Project("{FAE04EC0-301F-11D3-BF4B-00C04F79EFBC}") = "Log", "app\Log\Log.csproj", "{6B9D00C2-A82F-4904-9738-38F617028B76}"
EndProject
Project("{2150E333-8FDC-42A3-9474-1A3956D46DE8}") = "Log", "Log", "{674856E8-1AF0-4833-A48A-447E902D6875}"
EndProject
Project("{FAE04EC0-301F-11D3-BF4B-00C04F79EFBC}") = "LogDAL", "app\LogDAL\LogDAL.csproj", "{916BCD63-9CC7-47F6-A592-9697F1F5FD3B}"
EndProject
Global
	GlobalSection(SolutionConfigurationPlatforms) = preSolution
		Debug|Any CPU = Debug|Any CPU
		Release|Any CPU = Release|Any CPU
	EndGlobalSection
	GlobalSection(ProjectConfigurationPlatforms) = postSolution
		{FAD8C248-F839-4CE6-8CF7-7AE79C2B10D3}.Debug|Any CPU.ActiveCfg = Debug|Any CPU
		{FAD8C248-F839-4CE6-8CF7-7AE79C2B10D3}.Debug|Any CPU.Build.0 = Debug|Any CPU
		{FAD8C248-F839-4CE6-8CF7-7AE79C2B10D3}.Release|Any CPU.ActiveCfg = Release|Any CPU
		{FAD8C248-F839-4CE6-8CF7-7AE79C2B10D3}.Release|Any CPU.Build.0 = Release|Any CPU
		{B69AB24D-781A-4546-B788-FD1176B793B4}.Debug|Any CPU.ActiveCfg = Debug|Any CPU
		{B69AB24D-781A-4546-B788-FD1176B793B4}.Debug|Any CPU.Build.0 = Debug|Any CPU
		{B69AB24D-781A-4546-B788-FD1176B793B4}.Release|Any CPU.ActiveCfg = Release|Any CPU
		{B69AB24D-781A-4546-B788-FD1176B793B4}.Release|Any CPU.Build.0 = Release|Any CPU
		{6DAA7D95-5E2D-43C6-8B9B-3B516CE0117E}.Debug|Any CPU.ActiveCfg = Debug|Any CPU
		{6DAA7D95-5E2D-43C6-8B9B-3B516CE0117E}.Debug|Any CPU.Build.0 = Debug|Any CPU
		{6DAA7D95-5E2D-43C6-8B9B-3B516CE0117E}.Release|Any CPU.ActiveCfg = Release|Any CPU
		{6DAA7D95-5E2D-43C6-8B9B-3B516CE0117E}.Release|Any CPU.Build.0 = Release|Any CPU
		{D14FD8D1-43A7-4EC9-BBC3-76F0B1861C7A}.Debug|Any CPU.ActiveCfg = Debug|Any CPU
		{D14FD8D1-43A7-4EC9-BBC3-76F0B1861C7A}.Debug|Any CPU.Build.0 = Debug|Any CPU
		{D14FD8D1-43A7-4EC9-BBC3-76F0B1861C7A}.Release|Any CPU.ActiveCfg = Release|Any CPU
		{D14FD8D1-43A7-4EC9-BBC3-76F0B1861C7A}.Release|Any CPU.Build.0 = Release|Any CPU
		{32B1EF5E-5CA1-472A-AC26-CC30350C5987}.Debug|Any CPU.ActiveCfg = Debug|Any CPU
		{32B1EF5E-5CA1-472A-AC26-CC30350C5987}.Debug|Any CPU.Build.0 = Debug|Any CPU
		{32B1EF5E-5CA1-472A-AC26-CC30350C5987}.Release|Any CPU.ActiveCfg = Release|Any CPU
		{32B1EF5E-5CA1-472A-AC26-CC30350C5987}.Release|Any CPU.Build.0 = Release|Any CPU
		{BCB665E7-3120-461F-A466-FF19D63038D7}.Debug|Any CPU.ActiveCfg = Debug|Any CPU
		{BCB665E7-3120-461F-A466-FF19D63038D7}.Debug|Any CPU.Build.0 = Debug|Any CPU
		{BCB665E7-3120-461F-A466-FF19D63038D7}.Release|Any CPU.ActiveCfg = Release|Any CPU
		{BCB665E7-3120-461F-A466-FF19D63038D7}.Release|Any CPU.Build.0 = Release|Any CPU
		{F78D06C1-B317-4203-8780-2FF70384D1AB}.Debug|Any CPU.ActiveCfg = Debug|Any CPU
		{F78D06C1-B317-4203-8780-2FF70384D1AB}.Debug|Any CPU.Build.0 = Debug|Any CPU
		{F78D06C1-B317-4203-8780-2FF70384D1AB}.Release|Any CPU.ActiveCfg = Release|Any CPU
		{F78D06C1-B317-4203-8780-2FF70384D1AB}.Release|Any CPU.Build.0 = Release|Any CPU
		{B3212FD8-238A-49DC-AAE2-17A62FD76BB2}.Debug|Any CPU.ActiveCfg = Debug|Any CPU
		{B3212FD8-238A-49DC-AAE2-17A62FD76BB2}.Debug|Any CPU.Build.0 = Debug|Any CPU
		{B3212FD8-238A-49DC-AAE2-17A62FD76BB2}.Release|Any CPU.ActiveCfg = Release|Any CPU
		{B3212FD8-238A-49DC-AAE2-17A62FD76BB2}.Release|Any CPU.Build.0 = Release|Any CPU
		{9B255040-2DD6-4FF7-AA7A-675D107F9334}.Debug|Any CPU.ActiveCfg = Debug|Any CPU
		{9B255040-2DD6-4FF7-AA7A-675D107F9334}.Debug|Any CPU.Build.0 = Debug|Any CPU
		{9B255040-2DD6-4FF7-AA7A-675D107F9334}.Release|Any CPU.ActiveCfg = Release|Any CPU
		{9B255040-2DD6-4FF7-AA7A-675D107F9334}.Release|Any CPU.Build.0 = Release|Any CPU
		{797C8F89-77E3-45D7-9197-E441D7834971}.Debug|Any CPU.ActiveCfg = Debug|Any CPU
		{797C8F89-77E3-45D7-9197-E441D7834971}.Debug|Any CPU.Build.0 = Debug|Any CPU
		{797C8F89-77E3-45D7-9197-E441D7834971}.Release|Any CPU.ActiveCfg = Release|Any CPU
		{797C8F89-77E3-45D7-9197-E441D7834971}.Release|Any CPU.Build.0 = Release|Any CPU
		{78538628-1BD0-4B86-9971-36220B42E2C7}.Debug|Any CPU.ActiveCfg = Debug|Any CPU
		{78538628-1BD0-4B86-9971-36220B42E2C7}.Debug|Any CPU.Build.0 = Debug|Any CPU
		{78538628-1BD0-4B86-9971-36220B42E2C7}.Release|Any CPU.ActiveCfg = Release|Any CPU
		{78538628-1BD0-4B86-9971-36220B42E2C7}.Release|Any CPU.Build.0 = Release|Any CPU
		{6B9D00C2-A82F-4904-9738-38F617028B76}.Debug|Any CPU.ActiveCfg = Debug|Any CPU
		{6B9D00C2-A82F-4904-9738-38F617028B76}.Debug|Any CPU.Build.0 = Debug|Any CPU
		{6B9D00C2-A82F-4904-9738-38F617028B76}.Release|Any CPU.ActiveCfg = Release|Any CPU
		{6B9D00C2-A82F-4904-9738-38F617028B76}.Release|Any CPU.Build.0 = Release|Any CPU
		{916BCD63-9CC7-47F6-A592-9697F1F5FD3B}.Debug|Any CPU.ActiveCfg = Debug|Any CPU
		{916BCD63-9CC7-47F6-A592-9697F1F5FD3B}.Debug|Any CPU.Build.0 = Debug|Any CPU
		{916BCD63-9CC7-47F6-A592-9697F1F5FD3B}.Release|Any CPU.ActiveCfg = Release|Any CPU
		{916BCD63-9CC7-47F6-A592-9697F1F5FD3B}.Release|Any CPU.Build.0 = Release|Any CPU
	EndGlobalSection
	GlobalSection(NestedProjects) = preSolution
		{6DAA7D95-5E2D-43C6-8B9B-3B516CE0117E} = {085DDF34-9AC1-4D0C-9577-EF9737B57308}
		{D14FD8D1-43A7-4EC9-BBC3-76F0B1861C7A} = {085DDF34-9AC1-4D0C-9577-EF9737B57308}
		{B69AB24D-781A-4546-B788-FD1176B793B4} = {E14C6101-03C5-46E6-AD66-13F0B4430210}
		{32B1EF5E-5CA1-472A-AC26-CC30350C5987} = {E14C6101-03C5-46E6-AD66-13F0B4430210}
		{BCB665E7-3120-461F-A466-FF19D63038D7} = {E14C6101-03C5-46E6-AD66-13F0B4430210}
		{F78D06C1-B317-4203-8780-2FF70384D1AB} = {ADC0C2D8-1025-4E55-9D9C-33A1ED76A8D4}
		{B3212FD8-238A-49DC-AAE2-17A62FD76BB2} = {ADC0C2D8-1025-4E55-9D9C-33A1ED76A8D4}
		{9B255040-2DD6-4FF7-AA7A-675D107F9334} = {AB9A6A41-AFDA-4372-AC9F-66DD79BB94D7}
		{797C8F89-77E3-45D7-9197-E441D7834971} = {AB9A6A41-AFDA-4372-AC9F-66DD79BB94D7}
		{78538628-1BD0-4B86-9971-36220B42E2C7} = {AB9A6A41-AFDA-4372-AC9F-66DD79BB94D7}
		{6B9D00C2-A82F-4904-9738-38F617028B76} = {674856E8-1AF0-4833-A48A-447E902D6875}
		{916BCD63-9CC7-47F6-A592-9697F1F5FD3B} = {674856E8-1AF0-4833-A48A-447E902D6875}
	EndGlobalSection
EndGlobal
