
Microsoft Visual Studio Solution File, Format Version 12.00
Project("{FAE04EC0-301F-11D3-BF4B-00C04F79EFBC}") = "OtusKdeGate", "OtusKdeGate.csproj", "{01273B18-50CB-4885-B019-0A88CE5EEBB0}"
EndProject
Project("{2150E333-8FDC-42A3-9474-1A3956D46DE8}") = "Services", "Services", "{5DC3F6DB-2034-4E4B-BE9B-D95EC69BBAAA}"
EndProject
Project("{FAE04EC0-301F-11D3-BF4B-00C04F79EFBC}") = "OtusKdeSeeder", "..\OtusKdeSeeder\OtusKdeSeeder.csproj", "{800A9673-B2BB-4B64-832F-34FB2F62453C}"
EndProject
Project("{FAE04EC0-301F-11D3-BF4B-00C04F79EFBC}") = "OtusKdeDAL", "..\OtusKdeDAL\OtusKdeDAL.csproj", "{4D72D20F-C749-4161-91E0-D8F2A6AC0AC3}"
EndProject
Project("{FAE04EC0-301F-11D3-BF4B-00C04F79EFBC}") = "OtusKdeClient", "..\OtusKdeClient\OtusKdeClient.csproj", "{F5C6E695-5266-4B55-B8BF-82C2B37F8BB1}"
EndProject
Project("{FAE04EC0-301F-11D3-BF4B-00C04F79EFBC}") = "OtusKdeBilling", "..\OtusKdeBilling\OtusKdeBilling.csproj", "{7B3C8E14-DCDD-47B9-AF3F-225FF61D9305}"
EndProject
Project("{FAE04EC0-301F-11D3-BF4B-00C04F79EFBC}") = "OtusKdeNotification", "..\OtusKdeNotification\OtusKdeNotification.csproj", "{3827DBA0-BF46-4757-A641-6440CED831D1}"
EndProject
Project("{FAE04EC0-301F-11D3-BF4B-00C04F79EFBC}") = "OtusKdeOrder", "..\OtusKdeOrder\OtusKdeOrder.csproj", "{48E4E02A-9A7E-40CA-9B94-84EB669B8690}"
EndProject
Project("{2150E333-8FDC-42A3-9474-1A3956D46DE8}") = "BuildingBlocks", "BuildingBlocks", "{C0AF0332-56DB-48FF-87E9-CBF8227ADAC9}"
EndProject
Project("{FAE04EC0-301F-11D3-BF4B-00C04F79EFBC}") = "OtusKdeBus", "..\OtusKdeBus\OtusKdeBus.csproj", "{8ECA3ACD-CAAA-472D-9DC4-1DF968BD2060}"
EndProject
Project("{FAE04EC0-301F-11D3-BF4B-00C04F79EFBC}") = "OtusKdeTransaction", "..\OtusKdeTransaction\OtusKdeTransaction.csproj", "{D494302F-FBAE-4059-A3F9-AD51731269BA}"
EndProject
Project("{FAE04EC0-301F-11D3-BF4B-00C04F79EFBC}") = "OtusKdeStock", "..\OtusKdeStock\OtusKdeStock.csproj", "{747D7032-BA0C-4052-8149-46529B1DA2EC}"
EndProject
Project("{FAE04EC0-301F-11D3-BF4B-00C04F79EFBC}") = "OtusKdeDelivery", "..\OtusKdeDelivery\OtusKdeDelivery.csproj", "{A81B9926-9B0E-4664-9F7D-A971D7E91A60}"
EndProject
Global
	GlobalSection(SolutionConfigurationPlatforms) = preSolution
		Debug|Any CPU = Debug|Any CPU
		Release|Any CPU = Release|Any CPU
	EndGlobalSection
	GlobalSection(ProjectConfigurationPlatforms) = postSolution
		{01273B18-50CB-4885-B019-0A88CE5EEBB0}.Debug|Any CPU.ActiveCfg = Debug|Any CPU
		{01273B18-50CB-4885-B019-0A88CE5EEBB0}.Debug|Any CPU.Build.0 = Debug|Any CPU
		{01273B18-50CB-4885-B019-0A88CE5EEBB0}.Release|Any CPU.ActiveCfg = Release|Any CPU
		{01273B18-50CB-4885-B019-0A88CE5EEBB0}.Release|Any CPU.Build.0 = Release|Any CPU
		{800A9673-B2BB-4B64-832F-34FB2F62453C}.Debug|Any CPU.ActiveCfg = Debug|Any CPU
		{800A9673-B2BB-4B64-832F-34FB2F62453C}.Debug|Any CPU.Build.0 = Debug|Any CPU
		{800A9673-B2BB-4B64-832F-34FB2F62453C}.Release|Any CPU.ActiveCfg = Release|Any CPU
		{800A9673-B2BB-4B64-832F-34FB2F62453C}.Release|Any CPU.Build.0 = Release|Any CPU
		{4D72D20F-C749-4161-91E0-D8F2A6AC0AC3}.Debug|Any CPU.ActiveCfg = Debug|Any CPU
		{4D72D20F-C749-4161-91E0-D8F2A6AC0AC3}.Debug|Any CPU.Build.0 = Debug|Any CPU
		{4D72D20F-C749-4161-91E0-D8F2A6AC0AC3}.Release|Any CPU.ActiveCfg = Release|Any CPU
		{4D72D20F-C749-4161-91E0-D8F2A6AC0AC3}.Release|Any CPU.Build.0 = Release|Any CPU
		{F5C6E695-5266-4B55-B8BF-82C2B37F8BB1}.Debug|Any CPU.ActiveCfg = Debug|Any CPU
		{F5C6E695-5266-4B55-B8BF-82C2B37F8BB1}.Debug|Any CPU.Build.0 = Debug|Any CPU
		{F5C6E695-5266-4B55-B8BF-82C2B37F8BB1}.Release|Any CPU.ActiveCfg = Release|Any CPU
		{F5C6E695-5266-4B55-B8BF-82C2B37F8BB1}.Release|Any CPU.Build.0 = Release|Any CPU
		{7B3C8E14-DCDD-47B9-AF3F-225FF61D9305}.Debug|Any CPU.ActiveCfg = Debug|Any CPU
		{7B3C8E14-DCDD-47B9-AF3F-225FF61D9305}.Debug|Any CPU.Build.0 = Debug|Any CPU
		{7B3C8E14-DCDD-47B9-AF3F-225FF61D9305}.Release|Any CPU.ActiveCfg = Release|Any CPU
		{7B3C8E14-DCDD-47B9-AF3F-225FF61D9305}.Release|Any CPU.Build.0 = Release|Any CPU
		{3827DBA0-BF46-4757-A641-6440CED831D1}.Debug|Any CPU.ActiveCfg = Debug|Any CPU
		{3827DBA0-BF46-4757-A641-6440CED831D1}.Debug|Any CPU.Build.0 = Debug|Any CPU
		{3827DBA0-BF46-4757-A641-6440CED831D1}.Release|Any CPU.ActiveCfg = Release|Any CPU
		{3827DBA0-BF46-4757-A641-6440CED831D1}.Release|Any CPU.Build.0 = Release|Any CPU
		{48E4E02A-9A7E-40CA-9B94-84EB669B8690}.Debug|Any CPU.ActiveCfg = Debug|Any CPU
		{48E4E02A-9A7E-40CA-9B94-84EB669B8690}.Debug|Any CPU.Build.0 = Debug|Any CPU
		{48E4E02A-9A7E-40CA-9B94-84EB669B8690}.Release|Any CPU.ActiveCfg = Release|Any CPU
		{48E4E02A-9A7E-40CA-9B94-84EB669B8690}.Release|Any CPU.Build.0 = Release|Any CPU
		{8ECA3ACD-CAAA-472D-9DC4-1DF968BD2060}.Debug|Any CPU.ActiveCfg = Debug|Any CPU
		{8ECA3ACD-CAAA-472D-9DC4-1DF968BD2060}.Debug|Any CPU.Build.0 = Debug|Any CPU
		{8ECA3ACD-CAAA-472D-9DC4-1DF968BD2060}.Release|Any CPU.ActiveCfg = Release|Any CPU
		{8ECA3ACD-CAAA-472D-9DC4-1DF968BD2060}.Release|Any CPU.Build.0 = Release|Any CPU
		{D494302F-FBAE-4059-A3F9-AD51731269BA}.Debug|Any CPU.ActiveCfg = Debug|Any CPU
		{D494302F-FBAE-4059-A3F9-AD51731269BA}.Debug|Any CPU.Build.0 = Debug|Any CPU
		{D494302F-FBAE-4059-A3F9-AD51731269BA}.Release|Any CPU.ActiveCfg = Release|Any CPU
		{D494302F-FBAE-4059-A3F9-AD51731269BA}.Release|Any CPU.Build.0 = Release|Any CPU
		{747D7032-BA0C-4052-8149-46529B1DA2EC}.Debug|Any CPU.ActiveCfg = Debug|Any CPU
		{747D7032-BA0C-4052-8149-46529B1DA2EC}.Debug|Any CPU.Build.0 = Debug|Any CPU
		{747D7032-BA0C-4052-8149-46529B1DA2EC}.Release|Any CPU.ActiveCfg = Release|Any CPU
		{747D7032-BA0C-4052-8149-46529B1DA2EC}.Release|Any CPU.Build.0 = Release|Any CPU
		{A81B9926-9B0E-4664-9F7D-A971D7E91A60}.Debug|Any CPU.ActiveCfg = Debug|Any CPU
		{A81B9926-9B0E-4664-9F7D-A971D7E91A60}.Debug|Any CPU.Build.0 = Debug|Any CPU
		{A81B9926-9B0E-4664-9F7D-A971D7E91A60}.Release|Any CPU.ActiveCfg = Release|Any CPU
		{A81B9926-9B0E-4664-9F7D-A971D7E91A60}.Release|Any CPU.Build.0 = Release|Any CPU
	EndGlobalSection
	GlobalSection(NestedProjects) = preSolution
		{800A9673-B2BB-4B64-832F-34FB2F62453C} = {5DC3F6DB-2034-4E4B-BE9B-D95EC69BBAAA}
		{4D72D20F-C749-4161-91E0-D8F2A6AC0AC3} = {C0AF0332-56DB-48FF-87E9-CBF8227ADAC9}
		{8ECA3ACD-CAAA-472D-9DC4-1DF968BD2060} = {5DC3F6DB-2034-4E4B-BE9B-D95EC69BBAAA}
		{D494302F-FBAE-4059-A3F9-AD51731269BA} = {5DC3F6DB-2034-4E4B-BE9B-D95EC69BBAAA}
	EndGlobalSection
EndGlobal
